
Microsoft Visual Studio Solution File, Format Version 12.00
# Visual Studio Version 16
VisualStudioVersion = 16.0.29609.76
MinimumVisualStudioVersion = 10.0.40219.1
Project("{FAE04EC0-301F-11D3-BF4B-00C04F79EFBC}") = "WebApplication", "WebApplication\WebApplication.csproj", "{17122C75-5706-46FF-A302-71AA97BBF0E9}"
EndProject
Project("{FAE04EC0-301F-11D3-BF4B-00C04F79EFBC}") = "ClientWebApplication", "ClientWebApplication\ClientWebApplication.csproj", "{6B07179B-4F61-4B44-BFEC-B6A90192CE31}"
	ProjectSection(ProjectDependencies) = postProject
		{17122C75-5706-46FF-A302-71AA97BBF0E9} = {17122C75-5706-46FF-A302-71AA97BBF0E9}
	EndProjectSection
EndProject
Project("{00D1A9C2-B5F0-4AF3-8072-F6C62B433612}") = "DatabaseObjects", "DatabaseObjects\DatabaseObjects.sqlproj", "{E85AFB8F-8DCA-4248-B794-367B8943C4AA}"
EndProject
Project("{FAE04EC0-301F-11D3-BF4B-00C04F79EFBC}") = "WCFproject", "WCFproject\WCFproject.csproj", "{7A13AC10-2CBA-49B4-877A-137B3C921A24}"
EndProject
Project("{FAE04EC0-301F-11D3-BF4B-00C04F79EFBC}") = "WCFhost", "WCFhost\WCFhost.csproj", "{9ADB30C6-27BB-4E77-A283-F0555611B113}"
EndProject
Project("{FAE04EC0-301F-11D3-BF4B-00C04F79EFBC}") = "ClientWindowsForms", "ClientWindowsForms\ClientWindowsForms.csproj", "{E27D2900-35A2-4DC5-BEDA-68A50BE94828}"
EndProject
Global
	GlobalSection(SolutionConfigurationPlatforms) = preSolution
		Debug|Any CPU = Debug|Any CPU
		Release|Any CPU = Release|Any CPU
	EndGlobalSection
	GlobalSection(ProjectConfigurationPlatforms) = postSolution
		{17122C75-5706-46FF-A302-71AA97BBF0E9}.Debug|Any CPU.ActiveCfg = Debug|Any CPU
		{17122C75-5706-46FF-A302-71AA97BBF0E9}.Debug|Any CPU.Build.0 = Debug|Any CPU
		{17122C75-5706-46FF-A302-71AA97BBF0E9}.Release|Any CPU.ActiveCfg = Release|Any CPU
		{17122C75-5706-46FF-A302-71AA97BBF0E9}.Release|Any CPU.Build.0 = Release|Any CPU
		{6B07179B-4F61-4B44-BFEC-B6A90192CE31}.Debug|Any CPU.ActiveCfg = Debug|Any CPU
		{6B07179B-4F61-4B44-BFEC-B6A90192CE31}.Debug|Any CPU.Build.0 = Debug|Any CPU
		{6B07179B-4F61-4B44-BFEC-B6A90192CE31}.Release|Any CPU.ActiveCfg = Release|Any CPU
		{6B07179B-4F61-4B44-BFEC-B6A90192CE31}.Release|Any CPU.Build.0 = Release|Any CPU
		{E85AFB8F-8DCA-4248-B794-367B8943C4AA}.Debug|Any CPU.ActiveCfg = Debug|Any CPU
		{E85AFB8F-8DCA-4248-B794-367B8943C4AA}.Debug|Any CPU.Build.0 = Debug|Any CPU
		{E85AFB8F-8DCA-4248-B794-367B8943C4AA}.Debug|Any CPU.Deploy.0 = Debug|Any CPU
		{E85AFB8F-8DCA-4248-B794-367B8943C4AA}.Release|Any CPU.ActiveCfg = Release|Any CPU
		{E85AFB8F-8DCA-4248-B794-367B8943C4AA}.Release|Any CPU.Build.0 = Release|Any CPU
		{E85AFB8F-8DCA-4248-B794-367B8943C4AA}.Release|Any CPU.Deploy.0 = Release|Any CPU
		{7A13AC10-2CBA-49B4-877A-137B3C921A24}.Debug|Any CPU.ActiveCfg = Debug|Any CPU
		{7A13AC10-2CBA-49B4-877A-137B3C921A24}.Debug|Any CPU.Build.0 = Debug|Any CPU
		{7A13AC10-2CBA-49B4-877A-137B3C921A24}.Release|Any CPU.ActiveCfg = Release|Any CPU
		{7A13AC10-2CBA-49B4-877A-137B3C921A24}.Release|Any CPU.Build.0 = Release|Any CPU
		{9ADB30C6-27BB-4E77-A283-F0555611B113}.Debug|Any CPU.ActiveCfg = Debug|Any CPU
		{9ADB30C6-27BB-4E77-A283-F0555611B113}.Debug|Any CPU.Build.0 = Debug|Any CPU
		{9ADB30C6-27BB-4E77-A283-F0555611B113}.Release|Any CPU.ActiveCfg = Release|Any CPU
		{9ADB30C6-27BB-4E77-A283-F0555611B113}.Release|Any CPU.Build.0 = Release|Any CPU
		{E27D2900-35A2-4DC5-BEDA-68A50BE94828}.Debug|Any CPU.ActiveCfg = Debug|Any CPU
		{E27D2900-35A2-4DC5-BEDA-68A50BE94828}.Debug|Any CPU.Build.0 = Debug|Any CPU
		{E27D2900-35A2-4DC5-BEDA-68A50BE94828}.Release|Any CPU.ActiveCfg = Release|Any CPU
		{E27D2900-35A2-4DC5-BEDA-68A50BE94828}.Release|Any CPU.Build.0 = Release|Any CPU
	EndGlobalSection
	GlobalSection(SolutionProperties) = preSolution
		HideSolutionNode = FALSE
	EndGlobalSection
	GlobalSection(ExtensibilityGlobals) = postSolution
		SolutionGuid = {02F15289-5D9E-4815-BFD3-6CB94CB6CBAD}
	EndGlobalSection
EndGlobal
